{
  "object": {
    "pins": [
      {
        "package": "AwesomeDictionary",
        "repositoryURL": "https://github.com/pumperknickle/AwesomeDictionary.git",
        "state": {
          "branch": null,
          "revision": "34f9959e43cfedf27049f0316379b293e290f58e",
          "version": "0.0.3"
        }
      },
      {
        "package": "AwesomeTrie",
        "repositoryURL": "https://github.com/pumperknickle/AwesomeTrie.git",
        "state": {
          "branch": null,
          "revision": "0e6a7c813a36793ac3503bec3a849fd427af0a16",
          "version": "0.0.7"
        }
      },
      {
        "package": "Bedrock",
        "repositoryURL": "https://github.com/pumperknickle/Bedrock.git",
        "state": {
          "branch": null,
          "revision": "c7ab73980e2765fd8ba43ac2afb23e2a2a6c37a4",
          "version": "0.1.3"
        }
      },
      {
        "package": "Socket",
        "repositoryURL": "https://github.com/IBM-Swift/BlueSocket.git",
        "state": {
          "branch": null,
          "revision": "c46a3d41f5b2401d18bcb46d0101cdc5cd13e307",
          "version": "1.0.52"
        }
      },
      {
        "package": "Core",
        "repositoryURL": "https://github.com/vapor/core.git",
        "state": {
          "branch": null,
          "revision": "10d33362a47fab03a067e78fb0791341d9c634fa",
          "version": "3.9.3"
        }
      },
      {
        "package": "Crypto",
        "repositoryURL": "https://github.com/vapor/crypto.git",
        "state": {
          "branch": null,
          "revision": "df8eb7d8ae51787b3a0628aa3975e67666da936c",
          "version": "3.3.3"
        }
      },
      {
        "package": "CryptoStarterPack",
        "repositoryURL": "https://github.com/pumperknickle/CryptoStarterPack.git",
        "state": {
          "branch": null,
          "revision": "24a581d007b92771c8117db4f0b05d22945335bf",
          "version": "1.1.6"
        }
      },
      {
        "package": "CryptoSwift",
        "repositoryURL": "https://github.com/krzyzanowskim/CryptoSwift.git",
        "state": {
          "branch": null,
          "revision": "79ac632c85df81f2618dd838fc3869633e163370",
          "version": "1.2.0"
        }
      },
      {
        "package": "CwlCatchException",
        "repositoryURL": "https://github.com/mattgallagher/CwlCatchException.git",
        "state": {
          "branch": null,
          "revision": "7cd2f8cacc4d22f21bc0b2309c3b18acf7957b66",
          "version": "1.2.0"
        }
      },
      {
        "package": "CwlPreconditionTesting",
        "repositoryURL": "https://github.com/mattgallagher/CwlPreconditionTesting.git",
        "state": {
          "branch": null,
          "revision": "c228db5d2ad1b01ebc84435e823e6cca4e3db98b",
          "version": "1.2.0"
        }
      },
      {
        "package": "Nimble",
        "repositoryURL": "https://github.com/Quick/Nimble.git",
        "state": {
          "branch": null,
          "revision": "6abeb3f5c03beba2b9e4dbe20886e773b5b629b6",
          "version": "8.0.4"
        }
      },
      {
        "package": "Quick",
        "repositoryURL": "https://github.com/Quick/Quick.git",
        "state": {
          "branch": null,
          "revision": "33682c2f6230c60614861dfc61df267e11a1602f",
          "version": "2.2.0"
        }
      },
      {
        "package": "Regenerate",
        "repositoryURL": "https://github.com/pumperknickle/Regenerate.git",
        "state": {
          "branch": null,
          "revision": "6be470f74ccc1478fccb488c1b0a02e405541382",
          "version": "1.0.5"
        }
      },
      {
        "package": "swift-nio",
        "repositoryURL": "https://github.com/apple/swift-nio.git",
        "state": {
          "branch": null,
          "revision": "ba7970fe396e8198b84c6c1b44b38a1d4e2eb6bd",
          "version": "1.14.1"
        }
      },
      {
        "package": "swift-nio-ssl-support",
        "repositoryURL": "https://github.com/apple/swift-nio-ssl-support.git",
        "state": {
          "branch": null,
          "revision": "c02eec4e0e6d351cd092938cf44195a8e669f555",
          "version": "1.0.0"
        }
      },
      {
        "package": "swift-nio-zlib-support",
        "repositoryURL": "https://github.com/apple/swift-nio-zlib-support.git",
        "state": {
          "branch": null,
          "revision": "37760e9a52030bb9011972c5213c3350fa9d41fd",
          "version": "1.0.0"
        }
      }
    ]
  },
  "version": 1
}
